
Microsoft Visual Studio Solution File, Format Version 12.00
# Visual Studio 2012
Project("{FAE04EC0-301F-11D3-BF4B-00C04F79EFBC}") = "EventStore", "EventStore\EventStore.csproj", "{AF86EAA0-ADBF-4AC6-A7E7-E65F0201BF74}"
EndProject
Project("{FAE04EC0-301F-11D3-BF4B-00C04F79EFBC}") = "EventStore.Tests", "EventStore.Tests\EventStore.Tests.csproj", "{417F575A-E4E8-4EF7-B913-9FCDBF257C18}"
EndProject
Project("{FAE04EC0-301F-11D3-BF4B-00C04F79EFBC}") = "EventStore.Contracts", "EventStore.Contracts\EventStore.Contracts.csproj", "{98B12F43-61D6-4592-83F0-195625C6C3A4}"
EndProject
Project("{FAE04EC0-301F-11D3-BF4B-00C04F79EFBC}") = "SuperDuperWebClient", "SuperDuperWebClient\SuperDuperWebClient.csproj", "{0DC2C75A-226A-4D0C-8722-8B35E008760D}"
EndProject
Project("{FAE04EC0-301F-11D3-BF4B-00C04F79EFBC}") = "SampleDomain", "SampleDomain\SampleDomain.csproj", "{834714A2-295E-4AEA-84E6-0CE7FA9DBD39}"
EndProject
Project("{FAE04EC0-301F-11D3-BF4B-00C04F79EFBC}") = "SampleReporting", "SampleReporting\SampleReporting.csproj", "{5AB3E24D-E3A7-4A93-A27C-F9E9A0AA39CC}"
EndProject
Global
	GlobalSection(SolutionConfigurationPlatforms) = preSolution
		Debug|Any CPU = Debug|Any CPU
		Release|Any CPU = Release|Any CPU
	EndGlobalSection
	GlobalSection(ProjectConfigurationPlatforms) = postSolution
		{0DC2C75A-226A-4D0C-8722-8B35E008760D}.Debug|Any CPU.ActiveCfg = Debug|Any CPU
		{0DC2C75A-226A-4D0C-8722-8B35E008760D}.Debug|Any CPU.Build.0 = Debug|Any CPU
		{0DC2C75A-226A-4D0C-8722-8B35E008760D}.Release|Any CPU.ActiveCfg = Release|Any CPU
		{0DC2C75A-226A-4D0C-8722-8B35E008760D}.Release|Any CPU.Build.0 = Release|Any CPU
		{417F575A-E4E8-4EF7-B913-9FCDBF257C18}.Debug|Any CPU.ActiveCfg = Debug|Any CPU
		{417F575A-E4E8-4EF7-B913-9FCDBF257C18}.Debug|Any CPU.Build.0 = Debug|Any CPU
		{417F575A-E4E8-4EF7-B913-9FCDBF257C18}.Release|Any CPU.ActiveCfg = Release|Any CPU
		{417F575A-E4E8-4EF7-B913-9FCDBF257C18}.Release|Any CPU.Build.0 = Release|Any CPU
		{5AB3E24D-E3A7-4A93-A27C-F9E9A0AA39CC}.Debug|Any CPU.ActiveCfg = Debug|Any CPU
		{5AB3E24D-E3A7-4A93-A27C-F9E9A0AA39CC}.Debug|Any CPU.Build.0 = Debug|Any CPU
		{5AB3E24D-E3A7-4A93-A27C-F9E9A0AA39CC}.Release|Any CPU.ActiveCfg = Release|Any CPU
		{5AB3E24D-E3A7-4A93-A27C-F9E9A0AA39CC}.Release|Any CPU.Build.0 = Release|Any CPU
		{834714A2-295E-4AEA-84E6-0CE7FA9DBD39}.Debug|Any CPU.ActiveCfg = Debug|Any CPU
		{834714A2-295E-4AEA-84E6-0CE7FA9DBD39}.Debug|Any CPU.Build.0 = Debug|Any CPU
		{834714A2-295E-4AEA-84E6-0CE7FA9DBD39}.Release|Any CPU.ActiveCfg = Release|Any CPU
		{834714A2-295E-4AEA-84E6-0CE7FA9DBD39}.Release|Any CPU.Build.0 = Release|Any CPU
		{98B12F43-61D6-4592-83F0-195625C6C3A4}.Debug|Any CPU.ActiveCfg = Debug|Any CPU
		{98B12F43-61D6-4592-83F0-195625C6C3A4}.Debug|Any CPU.Build.0 = Debug|Any CPU
		{98B12F43-61D6-4592-83F0-195625C6C3A4}.Release|Any CPU.ActiveCfg = Release|Any CPU
		{98B12F43-61D6-4592-83F0-195625C6C3A4}.Release|Any CPU.Build.0 = Release|Any CPU
		{AF86EAA0-ADBF-4AC6-A7E7-E65F0201BF74}.Debug|Any CPU.ActiveCfg = Debug|Any CPU
		{AF86EAA0-ADBF-4AC6-A7E7-E65F0201BF74}.Debug|Any CPU.Build.0 = Debug|Any CPU
		{AF86EAA0-ADBF-4AC6-A7E7-E65F0201BF74}.Release|Any CPU.ActiveCfg = Release|Any CPU
		{AF86EAA0-ADBF-4AC6-A7E7-E65F0201BF74}.Release|Any CPU.Build.0 = Release|Any CPU
	EndGlobalSection
	GlobalSection(MonoDevelopProperties) = preSolution
		StartupItem = SuperDuperWebClient\SuperDuperWebClient.csproj
	EndGlobalSection
EndGlobal
